
Microsoft Visual Studio Solution File, Format Version 12.00
# Visual Studio Version 16
VisualStudioVersion = 16.0.29306.81
MinimumVisualStudioVersion = 10.0.40219.1
Project("{8BC9CEB8-8B4A-11D0-8D11-00A0C91BC942}") = "at_home", "at_home.vcxproj", "{62C0D792-A8AD-4D3A-B30F-F6AA4D7E096C}"
EndProject
Global
	GlobalSection(SolutionConfigurationPlatforms) = preSolution
		Debug|x64 = Debug|x64
		Debug|x86 = Debug|x86
		Release|x64 = Release|x64
		Release|x86 = Release|x86
	EndGlobalSection
	GlobalSection(ProjectConfigurationPlatforms) = postSolution
		{62C0D792-A8AD-4D3A-B30F-F6AA4D7E096C}.Debug|x64.ActiveCfg = Debug|x64
		{62C0D792-A8AD-4D3A-B30F-F6AA4D7E096C}.Debug|x64.Build.0 = Debug|x64
		{62C0D792-A8AD-4D3A-B30F-F6AA4D7E096C}.Debug|x86.ActiveCfg = Debug|Win32
		{62C0D792-A8AD-4D3A-B30F-F6AA4D7E096C}.Debug|x86.Build.0 = Debug|Win32
		{62C0D792-A8AD-4D3A-B30F-F6AA4D7E096C}.Release|x64.ActiveCfg = Release|x64
		{62C0D792-A8AD-4D3A-B30F-F6AA4D7E096C}.Release|x64.Build.0 = Release|x64
		{62C0D792-A8AD-4D3A-B30F-F6AA4D7E096C}.Release|x86.ActiveCfg = Release|Win32
		{62C0D792-A8AD-4D3A-B30F-F6AA4D7E096C}.Release|x86.Build.0 = Release|Win32
	EndGlobalSection
	GlobalSection(SolutionProperties) = preSolution
		HideSolutionNode = FALSE
	EndGlobalSection
	GlobalSection(ExtensibilityGlobals) = postSolution
		SolutionGuid = {77807367-2E05-4011-95BF-2413B751F8E7}
	EndGlobalSection
EndGlobal
